// !$*UTF8*$!
{
	archiveVersion = 1;
	classes = {
	};
	objectVersion = 55;
	objects = {

/* Begin PBXBuildFile section */
		4D5A17272906C738004A347B /* CardsGame.swift in Sources */ = {isa = PBXBuildFile; fileRef = 4D5A17262906C738004A347B /* CardsGame.swift */; };
		4D5A17292906C738004A347B /* ContentView.swift in Sources */ = {isa = PBXBuildFile; fileRef = 4D5A17282906C738004A347B /* ContentView.swift */; };
		4D5A172B2906C738004A347B /* Assets.xcassets in Resources */ = {isa = PBXBuildFile; fileRef = 4D5A172A2906C738004A347B /* Assets.xcassets */; };
		4D5A17382906C739004A347B /* CardsGameTests.swift in Sources */ = {isa = PBXBuildFile; fileRef = 4D5A17372906C739004A347B /* CardsGameTests.swift */; };
		4D5A17422906C739004A347B /* CardsGameUITests.swift in Sources */ = {isa = PBXBuildFile; fileRef = 4D5A17412906C739004A347B /* CardsGameUITests.swift */; };
		4D5A17442906C739004A347B /* CardsGameUITestsLaunchTests.swift in Sources */ = {isa = PBXBuildFile; fileRef = 4D5A17432906C739004A347B /* CardsGameUITestsLaunchTests.swift */; };
/* End PBXBuildFile section */

/* Begin PBXContainerItemProxy section */
		4D5A17342906C739004A347B /* PBXContainerItemProxy */ = {
			isa = PBXContainerItemProxy;
			containerPortal = 4D5A171B2906C738004A347B /* Project object */;
			proxyType = 1;
			remoteGlobalIDString = 4D5A17222906C738004A347B;
			remoteInfo = test;
		};
		4D5A173E2906C739004A347B /* PBXContainerItemProxy */ = {
			isa = PBXContainerItemProxy;
			containerPortal = 4D5A171B2906C738004A347B /* Project object */;
			proxyType = 1;
			remoteGlobalIDString = 4D5A17222906C738004A347B;
			remoteInfo = test;
		};
/* End PBXContainerItemProxy section */

/* Begin PBXFileReference section */
		4D5A17232906C738004A347B /* CardsGame.app */ = {isa = PBXFileReference; explicitFileType = wrapper.application; includeInIndex = 0; path = CardsGame.app; sourceTree = BUILT_PRODUCTS_DIR; };
		4D5A17262906C738004A347B /* CardsGame.swift */ = {isa = PBXFileReference; lastKnownFileType = sourcecode.swift; path = CardsGame.swift; sourceTree = "<group>"; };
		4D5A17282906C738004A347B /* ContentView.swift */ = {isa = PBXFileReference; lastKnownFileType = sourcecode.swift; path = ContentView.swift; sourceTree = "<group>"; };
		4D5A172A2906C738004A347B /* Assets.xcassets */ = {isa = PBXFileReference; lastKnownFileType = folder.assetcatalog; path = Assets.xcassets; sourceTree = "<group>"; };
		4D5A17332906C739004A347B /* CardsGameTests.xctest */ = {isa = PBXFileReference; explicitFileType = wrapper.cfbundle; includeInIndex = 0; path = CardsGameTests.xctest; sourceTree = BUILT_PRODUCTS_DIR; };
		4D5A17372906C739004A347B /* CardsGameTests.swift */ = {isa = PBXFileReference; lastKnownFileType = sourcecode.swift; path = CardsGameTests.swift; sourceTree = "<group>"; };
		4D5A173D2906C739004A347B /* CardsGameUITests.xctest */ = {isa = PBXFileReference; explicitFileType = wrapper.cfbundle; includeInIndex = 0; path = CardsGameUITests.xctest; sourceTree = BUILT_PRODUCTS_DIR; };
		4D5A17412906C739004A347B /* CardsGameUITests.swift */ = {isa = PBXFileReference; lastKnownFileType = sourcecode.swift; path = CardsGameUITests.swift; sourceTree = "<group>"; };
		4D5A17432906C739004A347B /* CardsGameUITestsLaunchTests.swift */ = {isa = PBXFileReference; lastKnownFileType = sourcecode.swift; path = CardsGameUITestsLaunchTests.swift; sourceTree = "<group>"; };
/* End PBXFileReference section */

/* Begin PBXFrameworksBuildPhase section */
		4D5A17202906C738004A347B /* Frameworks */ = {
			isa = PBXFrameworksBuildPhase;
			buildActionMask = 2147483647;
			files = (
			);
			runOnlyForDeploymentPostprocessing = 0;
		};
		4D5A17302906C739004A347B /* Frameworks */ = {
			isa = PBXFrameworksBuildPhase;
			buildActionMask = 2147483647;
			files = (
			);
			runOnlyForDeploymentPostprocessing = 0;
		};
		4D5A173A2906C739004A347B /* Frameworks */ = {
			isa = PBXFrameworksBuildPhase;
			buildActionMask = 2147483647;
			files = (
			);
			runOnlyForDeploymentPostprocessing = 0;
		};
/* End PBXFrameworksBuildPhase section */

/* Begin PBXGroup section */
		4D5A171A2906C738004A347B = {
			isa = PBXGroup;
			children = (
				4D5A17252906C738004A347B /* CardsGame */,
				4D5A17362906C739004A347B /* CardsGameTests */,
				4D5A17402906C739004A347B /* CardsGameUITests */,
				4D5A17242906C738004A347B /* Products */,
			);
			sourceTree = "<group>";
		};
		4D5A17242906C738004A347B /* Products */ = {
			isa = PBXGroup;
			children = (
				4D5A17232906C738004A347B /* CardsGame.app */,
				4D5A17332906C739004A347B /* CardsGameTests.xctest */,
				4D5A173D2906C739004A347B /* CardsGameUITests.xctest */,
			);
			name = Products;
			sourceTree = "<group>";
		};
		4D5A17252906C738004A347B /* CardsGame */ = {
			isa = PBXGroup;
			children = (
				4D5A17262906C738004A347B /* CardsGame.swift */,
				4D5A17282906C738004A347B /* ContentView.swift */,
				4D5A172A2906C738004A347B /* Assets.xcassets */,
			);
			path = CardsGame;
			sourceTree = "<group>";
		};
		4D5A17362906C739004A347B /* CardsGameTests */ = {
			isa = PBXGroup;
			children = (
				4D5A17372906C739004A347B /* CardsGameTests.swift */,
			);
			path = CardsGameTests;
			sourceTree = "<group>";
		};
		4D5A17402906C739004A347B /* CardsGameUITests */ = {
			isa = PBXGroup;
			children = (
				4D5A17412906C739004A347B /* CardsGameUITests.swift */,
				4D5A17432906C739004A347B /* CardsGameUITestsLaunchTests.swift */,
			);
			path = CardsGameUITests;
			sourceTree = "<group>";
		};
/* End PBXGroup section */

/* Begin PBXNativeTarget section */
		4D5A17222906C738004A347B /* CardsGame */ = {
			isa = PBXNativeTarget;
			buildConfigurationList = 4D5A17472906C739004A347B /* Build configuration list for PBXNativeTarget "CardsGame" */;
			buildPhases = (
				4D5A171F2906C738004A347B /* Sources */,
				4D5A17202906C738004A347B /* Frameworks */,
				4D5A17212906C738004A347B /* Resources */,
			);
			buildRules = (
			);
			dependencies = (
			);
			name = CardsGame;
			productName = test;
			productReference = 4D5A17232906C738004A347B /* CardsGame.app */;
			productType = "com.apple.product-type.application";
		};
		4D5A17322906C739004A347B /* CardsGameTests */ = {
			isa = PBXNativeTarget;
			buildConfigurationList = 4D5A174A2906C739004A347B /* Build configuration list for PBXNativeTarget "CardsGameTests" */;
			buildPhases = (
				4D5A172F2906C739004A347B /* Sources */,
				4D5A17302906C739004A347B /* Frameworks */,
				4D5A17312906C739004A347B /* Resources */,
			);
			buildRules = (
			);
			dependencies = (
				4D5A17352906C739004A347B /* PBXTargetDependency */,
			);
			name = CardsGameTests;
			productName = testTests;
			productReference = 4D5A17332906C739004A347B /* CardsGameTests.xctest */;
			productType = "com.apple.product-type.bundle.unit-test";
		};
		4D5A173C2906C739004A347B /* CardsGameUITests */ = {
			isa = PBXNativeTarget;
			buildConfigurationList = 4D5A174D2906C739004A347B /* Build configuration list for PBXNativeTarget "CardsGameUITests" */;
			buildPhases = (
				4D5A17392906C739004A347B /* Sources */,
				4D5A173A2906C739004A347B /* Frameworks */,
				4D5A173B2906C739004A347B /* Resources */,
			);
			buildRules = (
			);
			dependencies = (
				4D5A173F2906C739004A347B /* PBXTargetDependency */,
			);
			name = CardsGameUITests;
			productName = testUITests;
			productReference = 4D5A173D2906C739004A347B /* CardsGameUITests.xctest */;
			productType = "com.apple.product-type.bundle.ui-testing";
		};
/* End PBXNativeTarget section */

/* Begin PBXProject section */
		4D5A171B2906C738004A347B /* Project object */ = {
			isa = PBXProject;
			attributes = {
				BuildIndependentTargetsInParallel = 1;
				LastSwiftUpdateCheck = 1340;
				LastUpgradeCheck = 1340;
				TargetAttributes = {
					4D5A17222906C738004A347B = {
						CreatedOnToolsVersion = 13.4.1;
					};
					4D5A17322906C739004A347B = {
						CreatedOnToolsVersion = 13.4.1;
						TestTargetID = 4D5A17222906C738004A347B;
					};
					4D5A173C2906C739004A347B = {
						CreatedOnToolsVersion = 13.4.1;
						TestTargetID = 4D5A17222906C738004A347B;
					};
				};
			};
			buildConfigurationList = 4D5A171E2906C738004A347B /* Build configuration list for PBXProject "CardsGame" */;
			compatibilityVersion = "Xcode 13.0";
			developmentRegion = en;
			hasScannedForEncodings = 0;
			knownRegions = (
				en,
				Base,
			);
			mainGroup = 4D5A171A2906C738004A347B;
			productRefGroup = 4D5A17242906C738004A347B /* Products */;
			projectDirPath = "";
			projectRoot = "";
			targets = (
				4D5A17222906C738004A347B /* CardsGame */,
				4D5A17322906C739004A347B /* CardsGameTests */,
				4D5A173C2906C739004A347B /* CardsGameUITests */,
			);
		};
/* End PBXProject section */

/* Begin PBXResourcesBuildPhase section */
		4D5A17212906C738004A347B /* Resources */ = {
			isa = PBXResourcesBuildPhase;
			buildActionMask = 2147483647;
			files = (
				4D5A172B2906C738004A347B /* Assets.xcassets in Resources */,
			);
			runOnlyForDeploymentPostprocessing = 0;
		};
		4D5A17312906C739004A347B /* Resources */ = {
			isa = PBXResourcesBuildPhase;
			buildActionMask = 2147483647;
			files = (
			);
			runOnlyForDeploymentPostprocessing = 0;
		};
		4D5A173B2906C739004A347B /* Resources */ = {
			isa = PBXResourcesBuildPhase;
			buildActionMask = 2147483647;
			files = (
			);
			runOnlyForDeploymentPostprocessing = 0;
		};
/* End PBXResourcesBuildPhase section */

/* Begin PBXSourcesBuildPhase section */
		4D5A171F2906C738004A347B /* Sources */ = {
			isa = PBXSourcesBuildPhase;
			buildActionMask = 2147483647;
			files = (
				4D5A17292906C738004A347B /* ContentView.swift in Sources */,
				4D5A17272906C738004A347B /* CardsGame.swift in Sources */,
			);
			runOnlyForDeploymentPostprocessing = 0;
		};
		4D5A172F2906C739004A347B /* Sources */ = {
			isa = PBXSourcesBuildPhase;
			buildActionMask = 2147483647;
			files = (
				4D5A17382906C739004A347B /* CardsGameTests.swift in Sources */,
			);
			runOnlyForDeploymentPostprocessing = 0;
		};
		4D5A17392906C739004A347B /* Sources */ = {
			isa = PBXSourcesBuildPhase;
			buildActionMask = 2147483647;
			files = (
				4D5A17442906C739004A347B /* CardsGameUITestsLaunchTests.swift in Sources */,
				4D5A17422906C739004A347B /* CardsGameUITests.swift in Sources */,
			);
			runOnlyForDeploymentPostprocessing = 0;
		};
/* End PBXSourcesBuildPhase section */

/* Begin PBXTargetDependency section */
		4D5A17352906C739004A347B /* PBXTargetDependency */ = {
			isa = PBXTargetDependency;
			target = 4D5A17222906C738004A347B /* CardsGame */;
			targetProxy = 4D5A17342906C739004A347B /* PBXContainerItemProxy */;
		};
		4D5A173F2906C739004A347B /* PBXTargetDependency */ = {
			isa = PBXTargetDependency;
			target = 4D5A17222906C738004A347B /* CardsGame */;
			targetProxy = 4D5A173E2906C739004A347B /* PBXContainerItemProxy */;
		};
/* End PBXTargetDependency section */

/* Begin XCBuildConfiguration section */
		4D5A17452906C739004A347B /* Debug */ = {
			isa = XCBuildConfiguration;
			buildSettings = {
				ALWAYS_SEARCH_USER_PATHS = NO;
				CLANG_ANALYZER_NONNULL = YES;
				CLANG_ANALYZER_NUMBER_OBJECT_CONVERSION = YES_AGGRESSIVE;
				CLANG_CXX_LANGUAGE_STANDARD = "gnu++17";
				CLANG_ENABLE_MODULES = YES;
				CLANG_ENABLE_OBJC_ARC = YES;
				CLANG_ENABLE_OBJC_WEAK = YES;
				CLANG_WARN_BLOCK_CAPTURE_AUTORELEASING = YES;
				CLANG_WARN_BOOL_CONVERSION = YES;
				CLANG_WARN_COMMA = YES;
				CLANG_WARN_CONSTANT_CONVERSION = YES;
				CLANG_WARN_DEPRECATED_OBJC_IMPLEMENTATIONS = YES;
				CLANG_WARN_DIRECT_OBJC_ISA_USAGE = YES_ERROR;
				CLANG_WARN_DOCUMENTATION_COMMENTS = YES;
				CLANG_WARN_EMPTY_BODY = YES;
				CLANG_WARN_ENUM_CONVERSION = YES;
				CLANG_WARN_INFINITE_RECURSION = YES;
				CLANG_WARN_INT_CONVERSION = YES;
				CLANG_WARN_NON_LITERAL_NULL_CONVERSION = YES;
				CLANG_WARN_OBJC_IMPLICIT_RETAIN_SELF = YES;
				CLANG_WARN_OBJC_LITERAL_CONVERSION = YES;
				CLANG_WARN_OBJC_ROOT_CLASS = YES_ERROR;
				CLANG_WARN_QUOTED_INCLUDE_IN_FRAMEWORK_HEADER = YES;
				CLANG_WARN_RANGE_LOOP_ANALYSIS = YES;
				CLANG_WARN_STRICT_PROTOTYPES = YES;
				CLANG_WARN_SUSPICIOUS_MOVE = YES;
				CLANG_WARN_UNGUARDED_AVAILABILITY = YES_AGGRESSIVE;
				CLANG_WARN_UNREACHABLE_CODE = YES;
				CLANG_WARN__DUPLICATE_METHOD_MATCH = YES;
				COPY_PHASE_STRIP = NO;
				DEBUG_INFORMATION_FORMAT = dwarf;
				ENABLE_STRICT_OBJC_MSGSEND = YES;
				ENABLE_TESTABILITY = YES;
				GCC_C_LANGUAGE_STANDARD = gnu11;
				GCC_DYNAMIC_NO_PIC = NO;
				GCC_NO_COMMON_BLOCKS = YES;
				GCC_OPTIMIZATION_LEVEL = 0;
				GCC_PREPROCESSOR_DEFINITIONS = (
					"DEBUG=1",
					"$(inherited)",
				);
				GCC_WARN_64_TO_32_BIT_CONVERSION = YES;
				GCC_WARN_ABOUT_RETURN_TYPE = YES_ERROR;
				GCC_WARN_UNDECLARED_SELECTOR = YES;
				GCC_WARN_UNINITIALIZED_AUTOS = YES_AGGRESSIVE;
				GCC_WARN_UNUSED_FUNCTION = YES;
				GCC_WARN_UNUSED_VARIABLE = YES;
				IPHONEOS_DEPLOYMENT_TARGET = 15.5;
				MTL_ENABLE_DEBUG_INFO = INCLUDE_SOURCE;
				MTL_FAST_MATH = YES;
				ONLY_ACTIVE_ARCH = YES;
				SDKROOT = iphoneos;
				SWIFT_ACTIVE_COMPILATION_CONDITIONS = DEBUG;
				SWIFT_OPTIMIZATION_LEVEL = "-Onone";
			};
			name = Debug;
		};
		4D5A17462906C739004A347B /* Release */ = {
			isa = XCBuildConfiguration;
			buildSettings = {
				ALWAYS_SEARCH_USER_PATHS = NO;
				CLANG_ANALYZER_NONNULL = YES;
				CLANG_ANALYZER_NUMBER_OBJECT_CONVERSION = YES_AGGRESSIVE;
				CLANG_CXX_LANGUAGE_STANDARD = "gnu++17";
				CLANG_ENABLE_MODULES = YES;
				CLANG_ENABLE_OBJC_ARC = YES;
				CLANG_ENABLE_OBJC_WEAK = YES;
				CLANG_WARN_BLOCK_CAPTURE_AUTORELEASING = YES;
				CLANG_WARN_BOOL_CONVERSION = YES;
				CLANG_WARN_COMMA = YES;
				CLANG_WARN_CONSTANT_CONVERSION = YES;
				CLANG_WARN_DEPRECATED_OBJC_IMPLEMENTATIONS = YES;
				CLANG_WARN_DIRECT_OBJC_ISA_USAGE = YES_ERROR;
				CLANG_WARN_DOCUMENTATION_COMMENTS = YES;
				CLANG_WARN_EMPTY_BODY = YES;
				CLANG_WARN_ENUM_CONVERSION = YES;
				CLANG_WARN_INFINITE_RECURSION = YES;
				CLANG_WARN_INT_CONVERSION = YES;
				CLANG_WARN_NON_LITERAL_NULL_CONVERSION = YES;
				CLANG_WARN_OBJC_IMPLICIT_RETAIN_SELF = YES;
				CLANG_WARN_OBJC_LITERAL_CONVERSION = YES;
				CLANG_WARN_OBJC_ROOT_CLASS = YES_ERROR;
				CLANG_WARN_QUOTED_INCLUDE_IN_FRAMEWORK_HEADER = YES;
				CLANG_WARN_RANGE_LOOP_ANALYSIS = YES;
				CLANG_WARN_STRICT_PROTOTYPES = YES;
				CLANG_WARN_SUSPICIOUS_MOVE = YES;
				CLANG_WARN_UNGUARDED_AVAILABILITY = YES_AGGRESSIVE;
				CLANG_WARN_UNREACHABLE_CODE = YES;
				CLANG_WARN__DUPLICATE_METHOD_MATCH = YES;
				COPY_PHASE_STRIP = NO;
				DEBUG_INFORMATION_FORMAT = "dwarf-with-dsym";
				ENABLE_NS_ASSERTIONS = NO;
				ENABLE_STRICT_OBJC_MSGSEND = YES;
				GCC_C_LANGUAGE_STANDARD = gnu11;
				GCC_NO_COMMON_BLOCKS = YES;
				GCC_WARN_64_TO_32_BIT_CONVERSION = YES;
				GCC_WARN_ABOUT_RETURN_TYPE = YES_ERROR;
				GCC_WARN_UNDECLARED_SELECTOR = YES;
				GCC_WARN_UNINITIALIZED_AUTOS = YES_AGGRESSIVE;
				GCC_WARN_UNUSED_FUNCTION = YES;
				GCC_WARN_UNUSED_VARIABLE = YES;
				IPHONEOS_DEPLOYMENT_TARGET = 15.5;
				MTL_ENABLE_DEBUG_INFO = NO;
				MTL_FAST_MATH = YES;
				SDKROOT = iphoneos;
				SWIFT_COMPILATION_MODE = wholemodule;
				SWIFT_OPTIMIZATION_LEVEL = "-O";
				VALIDATE_PRODUCT = YES;
			};
			name = Release;
		};
		4D5A17482906C739004A347B /* Debug */ = {
			isa = XCBuildConfiguration;
			buildSettings = {
				ASSETCATALOG_COMPILER_APPICON_NAME = AppIcon;
				ASSETCATALOG_COMPILER_GLOBAL_ACCENT_COLOR_NAME = AccentColor;
				CODE_SIGN_STYLE = Automatic;
				CURRENT_PROJECT_VERSION = 1;
				DEVELOPMENT_TEAM = 2T8N2CD4M8;
				ENABLE_PREVIEWS = YES;
				GENERATE_INFOPLIST_FILE = YES;
				INFOPLIST_KEY_UIApplicationSceneManifest_Generation = YES;
				INFOPLIST_KEY_UIApplicationSupportsIndirectInputEvents = YES;
				INFOPLIST_KEY_UILaunchScreen_Generation = YES;
				INFOPLIST_KEY_UISupportedInterfaceOrientations_iPad = "UIInterfaceOrientationPortrait UIInterfaceOrientationPortraitUpsideDown UIInterfaceOrientationLandscapeLeft UIInterfaceOrientationLandscapeRight";
				INFOPLIST_KEY_UISupportedInterfaceOrientations_iPhone = "UIInterfaceOrientationPortrait UIInterfaceOrientationLandscapeLeft UIInterfaceOrientationLandscapeRight";
				LD_RUNPATH_SEARCH_PATHS = (
					"$(inherited)",
					"@executable_path/Frameworks",
				);
				MARKETING_VERSION = 1.0;
				PRODUCT_BUNDLE_IDENTIFIER = com.agnesaselimi10.test;
				PRODUCT_NAME = "$(TARGET_NAME)";
				SWIFT_EMIT_LOC_STRINGS = YES;
				SWIFT_VERSION = 5.0;
				TARGETED_DEVICE_FAMILY = "1,2";
			};
			name = Debug;
		};
		4D5A17492906C739004A347B /* Release */ = {
			isa = XCBuildConfiguration;
			buildSettings = {
				ASSETCATALOG_COMPILER_APPICON_NAME = AppIcon;
				ASSETCATALOG_COMPILER_GLOBAL_ACCENT_COLOR_NAME = AccentColor;
				CODE_SIGN_STYLE = Automatic;
				CURRENT_PROJECT_VERSION = 1;
				DEVELOPMENT_TEAM = 2T8N2CD4M8;
				ENABLE_PREVIEWS = YES;
				GENERATE_INFOPLIST_FILE = YES;
				INFOPLIST_KEY_UIApplicationSceneManifest_Generation = YES;
				INFOPLIST_KEY_UIApplicationSupportsIndirectInputEvents = YES;
				INFOPLIST_KEY_UILaunchScreen_Generation = YES;
				INFOPLIST_KEY_UISupportedInterfaceOrientations_iPad = "UIInterfaceOrientationPortrait UIInterfaceOrientationPortraitUpsideDown UIInterfaceOrientationLandscapeLeft UIInterfaceOrientationLandscapeRight";
				INFOPLIST_KEY_UISupportedInterfaceOrientations_iPhone = "UIInterfaceOrientationPortrait UIInterfaceOrientationLandscapeLeft UIInterfaceOrientationLandscapeRight";
				LD_RUNPATH_SEARCH_PATHS = (
					"$(inherited)",
					"@executable_path/Frameworks",
				);
				MARKETING_VERSION = 1.0;
				PRODUCT_BUNDLE_IDENTIFIER = com.agnesaselimi10.test;
				PRODUCT_NAME = "$(TARGET_NAME)";
				SWIFT_EMIT_LOC_STRINGS = YES;
				SWIFT_VERSION = 5.0;
				TARGETED_DEVICE_FAMILY = "1,2";
			};
			name = Release;
		};
		4D5A174B2906C739004A347B /* Debug */ = {
			isa = XCBuildConfiguration;
			buildSettings = {
				ALWAYS_EMBED_SWIFT_STANDARD_LIBRARIES = YES;
				BUNDLE_LOADER = "$(TEST_HOST)";
				CODE_SIGN_STYLE = Automatic;
				CURRENT_PROJECT_VERSION = 1;
				DEVELOPMENT_TEAM = Y372CC4FQT;
				GENERATE_INFOPLIST_FILE = YES;
				IPHONEOS_DEPLOYMENT_TARGET = 15.5;
				MARKETING_VERSION = 1.0;
				PRODUCT_BUNDLE_IDENTIFIER = com.agnesaselimi.testTests;
				PRODUCT_NAME = "$(TARGET_NAME)";
				SWIFT_EMIT_LOC_STRINGS = NO;
				SWIFT_VERSION = 5.0;
				TARGETED_DEVICE_FAMILY = "1,2";
				TEST_HOST = "$(BUILT_PRODUCTS_DIR)/CardsGame.app/CardsGame";
			};
			name = Debug;
		};
		4D5A174C2906C739004A347B /* Release */ = {
			isa = XCBuildConfiguration;
			buildSettings = {
				ALWAYS_EMBED_SWIFT_STANDARD_LIBRARIES = YES;
				BUNDLE_LOADER = "$(TEST_HOST)";
				CODE_SIGN_STYLE = Automatic;
				CURRENT_PROJECT_VERSION = 1;
				DEVELOPMENT_TEAM = Y372CC4FQT;
				GENERATE_INFOPLIST_FILE = YES;
				IPHONEOS_DEPLOYMENT_TARGET = 15.5;
				MARKETING_VERSION = 1.0;
				PRODUCT_BUNDLE_IDENTIFIER = com.agnesaselimi.testTests;
				PRODUCT_NAME = "$(TARGET_NAME)";
				SWIFT_EMIT_LOC_STRINGS = NO;
				SWIFT_VERSION = 5.0;
				TARGETED_DEVICE_FAMILY = "1,2";
				TEST_HOST = "$(BUILT_PRODUCTS_DIR)/CardsGame.app/CardsGame";
			};
			name = Release;
		};
		4D5A174E2906C739004A347B /* Debug */ = {
			isa = XCBuildConfiguration;
			buildSettings = {
				ALWAYS_EMBED_SWIFT_STANDARD_LIBRARIES = YES;
				CODE_SIGN_STYLE = Automatic;
				CURRENT_PROJECT_VERSION = 1;
				DEVELOPMENT_TEAM = Y372CC4FQT;
				GENERATE_INFOPLIST_FILE = YES;
				MARKETING_VERSION = 1.0;
				PRODUCT_BUNDLE_IDENTIFIER = com.agnesaselimi.testUITests;
				PRODUCT_NAME = "$(TARGET_NAME)";
				SWIFT_EMIT_LOC_STRINGS = NO;
				SWIFT_VERSION = 5.0;
				TARGETED_DEVICE_FAMILY = "1,2";
				TEST_TARGET_NAME = test;
			};
			name = Debug;
		};
		4D5A174F2906C739004A347B /* Release */ = {
			isa = XCBuildConfiguration;
			buildSettings = {
				ALWAYS_EMBED_SWIFT_STANDARD_LIBRARIES = YES;
				CODE_SIGN_STYLE = Automatic;
				CURRENT_PROJECT_VERSION = 1;
				DEVELOPMENT_TEAM = Y372CC4FQT;
				GENERATE_INFOPLIST_FILE = YES;
				MARKETING_VERSION = 1.0;
				PRODUCT_BUNDLE_IDENTIFIER = com.agnesaselimi.testUITests;
				PRODUCT_NAME = "$(TARGET_NAME)";
				SWIFT_EMIT_LOC_STRINGS = NO;
				SWIFT_VERSION = 5.0;
				TARGETED_DEVICE_FAMILY = "1,2";
				TEST_TARGET_NAME = test;
			};
			name = Release;
		};
/* End XCBuildConfiguration section */

/* Begin XCConfigurationList section */
		4D5A171E2906C738004A347B /* Build configuration list for PBXProject "CardsGame" */ = {
			isa = XCConfigurationList;
			buildConfigurations = (
				4D5A17452906C739004A347B /* Debug */,
				4D5A17462906C739004A347B /* Release */,
			);
			defaultConfigurationIsVisible = 0;
			defaultConfigurationName = Release;
		};
		4D5A17472906C739004A347B /* Build configuration list for PBXNativeTarget "CardsGame" */ = {
			isa = XCConfigurationList;
			buildConfigurations = (
				4D5A17482906C739004A347B /* Debug */,
				4D5A17492906C739004A347B /* Release */,
			);
			defaultConfigurationIsVisible = 0;
			defaultConfigurationName = Release;
		};
		4D5A174A2906C739004A347B /* Build configuration list for PBXNativeTarget "CardsGameTests" */ = {
			isa = XCConfigurationList;
			buildConfigurations = (
				4D5A174B2906C739004A347B /* Debug */,
				4D5A174C2906C739004A347B /* Release */,
			);
			defaultConfigurationIsVisible = 0;
			defaultConfigurationName = Release;
		};
		4D5A174D2906C739004A347B /* Build configuration list for PBXNativeTarget "CardsGameUITests" */ = {
			isa = XCConfigurationList;
			buildConfigurations = (
				4D5A174E2906C739004A347B /* Debug */,
				4D5A174F2906C739004A347B /* Release */,
			);
			defaultConfigurationIsVisible = 0;
			defaultConfigurationName = Release;
		};
/* End XCConfigurationList section */
	};
	rootObject = 4D5A171B2906C738004A347B /* Project object */;
}
